
Microsoft Visual Studio Solution File, Format Version 12.00
# Visual Studio 15
VisualStudioVersion = 15.0.27703.2035
MinimumVisualStudioVersion = 10.0.40219.1
Project("{FAE04EC0-301F-11D3-BF4B-00C04F79EFBC}") = "Cellekta 3", "Cellekta 3\Cellekta 3.csproj", "{08751C52-B224-42AC-B19A-FC247FC0E7A7}"
EndProject
Project("{FAE04EC0-301F-11D3-BF4B-00C04F79EFBC}") = "SongImplementation", "Song\SongImplementation.csproj", "{61CA78DB-E751-4000-83D1-FB60D3EC002C}"
EndProject
Project("{FAE04EC0-301F-11D3-BF4B-00C04F79EFBC}") = "TraktorLibraryImplementation", "TraktorLibrary\TraktorLibraryImplementation.csproj", "{DA5E6A7A-91D4-4B8A-8CD8-CB7CEBAF3001}"
EndProject
Project("{FAE04EC0-301F-11D3-BF4B-00C04F79EFBC}") = "XmlWrapperImplementation", "XmlWrapper\XmlWrapperImplementation.csproj", "{7CCAB160-9E77-4A0D-8694-47C7C631D05A}"
EndProject
Project("{FAE04EC0-301F-11D3-BF4B-00C04F79EFBC}") = "XmlWrapperInterface", "XmlWrapperInterface\XmlWrapperInterface.csproj", "{D9FEAAEC-32B5-4E1D-AABC-832FD294A85A}"
EndProject
Project("{FAE04EC0-301F-11D3-BF4B-00C04F79EFBC}") = "SongInterface", "SongInterface\SongInterface.csproj", "{BFF769FD-4A79-41DF-BEA1-3471F9222428}"
EndProject
Project("{FAE04EC0-301F-11D3-BF4B-00C04F79EFBC}") = "TraktorLibraryInterface", "TraktorLibraryInterface\TraktorLibraryInterface.csproj", "{CFE99427-A916-471D-8B68-B9DD675476BF}"
EndProject
Project("{FAE04EC0-301F-11D3-BF4B-00C04F79EFBC}") = "TagImplementation", "TagImplementation\TagImplementation.csproj", "{7997553C-EDE6-429E-A363-6009734B086B}"
EndProject
Project("{FAE04EC0-301F-11D3-BF4B-00C04F79EFBC}") = "TagInterface", "TagInterface\TagInterface.csproj", "{16DD99E6-2CBA-40F9-969A-E06878698BDC}"
EndProject
Project("{FAE04EC0-301F-11D3-BF4B-00C04F79EFBC}") = "MixableRangeImplementation", "MixableRangeImplementation\MixableRangeImplementation.csproj", "{ACA54132-D6ED-4E2B-ACF8-6C876A1B92DD}"
EndProject
Project("{FAE04EC0-301F-11D3-BF4B-00C04F79EFBC}") = "MixableRangeInterface", "MixableRangeInterface\MixableRangeInterface.csproj", "{402F8F21-9780-477A-A598-95BC64C01AA8}"
EndProject
Project("{FAE04EC0-301F-11D3-BF4B-00C04F79EFBC}") = "TrackSearchImplementation", "TrackSearchImplementation\TrackSearchImplementation.csproj", "{1BBFBD0E-7F73-4E57-A828-4EF1AB5A0568}"
EndProject
Project("{FAE04EC0-301F-11D3-BF4B-00C04F79EFBC}") = "TrackSearchInterface", "TrackSearchInterface\TrackSearchInterface.csproj", "{9D8F3FB5-FF4E-4E80-A37D-64162E655553}"
EndProject
Global
	GlobalSection(SolutionConfigurationPlatforms) = preSolution
		Debug|Any CPU = Debug|Any CPU
		Release|Any CPU = Release|Any CPU
	EndGlobalSection
	GlobalSection(ProjectConfigurationPlatforms) = postSolution
		{08751C52-B224-42AC-B19A-FC247FC0E7A7}.Debug|Any CPU.ActiveCfg = Debug|Any CPU
		{08751C52-B224-42AC-B19A-FC247FC0E7A7}.Debug|Any CPU.Build.0 = Debug|Any CPU
		{08751C52-B224-42AC-B19A-FC247FC0E7A7}.Release|Any CPU.ActiveCfg = Release|Any CPU
		{08751C52-B224-42AC-B19A-FC247FC0E7A7}.Release|Any CPU.Build.0 = Release|Any CPU
		{61CA78DB-E751-4000-83D1-FB60D3EC002C}.Debug|Any CPU.ActiveCfg = Debug|Any CPU
		{61CA78DB-E751-4000-83D1-FB60D3EC002C}.Debug|Any CPU.Build.0 = Debug|Any CPU
		{61CA78DB-E751-4000-83D1-FB60D3EC002C}.Release|Any CPU.ActiveCfg = Release|Any CPU
		{61CA78DB-E751-4000-83D1-FB60D3EC002C}.Release|Any CPU.Build.0 = Release|Any CPU
		{DA5E6A7A-91D4-4B8A-8CD8-CB7CEBAF3001}.Debug|Any CPU.ActiveCfg = Debug|Any CPU
		{DA5E6A7A-91D4-4B8A-8CD8-CB7CEBAF3001}.Debug|Any CPU.Build.0 = Debug|Any CPU
		{DA5E6A7A-91D4-4B8A-8CD8-CB7CEBAF3001}.Release|Any CPU.ActiveCfg = Release|Any CPU
		{DA5E6A7A-91D4-4B8A-8CD8-CB7CEBAF3001}.Release|Any CPU.Build.0 = Release|Any CPU
		{7CCAB160-9E77-4A0D-8694-47C7C631D05A}.Debug|Any CPU.ActiveCfg = Debug|Any CPU
		{7CCAB160-9E77-4A0D-8694-47C7C631D05A}.Debug|Any CPU.Build.0 = Debug|Any CPU
		{7CCAB160-9E77-4A0D-8694-47C7C631D05A}.Release|Any CPU.ActiveCfg = Release|Any CPU
		{7CCAB160-9E77-4A0D-8694-47C7C631D05A}.Release|Any CPU.Build.0 = Release|Any CPU
		{D9FEAAEC-32B5-4E1D-AABC-832FD294A85A}.Debug|Any CPU.ActiveCfg = Debug|Any CPU
		{D9FEAAEC-32B5-4E1D-AABC-832FD294A85A}.Debug|Any CPU.Build.0 = Debug|Any CPU
		{D9FEAAEC-32B5-4E1D-AABC-832FD294A85A}.Release|Any CPU.ActiveCfg = Release|Any CPU
		{D9FEAAEC-32B5-4E1D-AABC-832FD294A85A}.Release|Any CPU.Build.0 = Release|Any CPU
		{BFF769FD-4A79-41DF-BEA1-3471F9222428}.Debug|Any CPU.ActiveCfg = Debug|Any CPU
		{BFF769FD-4A79-41DF-BEA1-3471F9222428}.Debug|Any CPU.Build.0 = Debug|Any CPU
		{BFF769FD-4A79-41DF-BEA1-3471F9222428}.Release|Any CPU.ActiveCfg = Release|Any CPU
		{BFF769FD-4A79-41DF-BEA1-3471F9222428}.Release|Any CPU.Build.0 = Release|Any CPU
		{CFE99427-A916-471D-8B68-B9DD675476BF}.Debug|Any CPU.ActiveCfg = Debug|Any CPU
		{CFE99427-A916-471D-8B68-B9DD675476BF}.Debug|Any CPU.Build.0 = Debug|Any CPU
		{CFE99427-A916-471D-8B68-B9DD675476BF}.Release|Any CPU.ActiveCfg = Release|Any CPU
		{CFE99427-A916-471D-8B68-B9DD675476BF}.Release|Any CPU.Build.0 = Release|Any CPU
		{7997553C-EDE6-429E-A363-6009734B086B}.Debug|Any CPU.ActiveCfg = Debug|Any CPU
		{7997553C-EDE6-429E-A363-6009734B086B}.Debug|Any CPU.Build.0 = Debug|Any CPU
		{7997553C-EDE6-429E-A363-6009734B086B}.Release|Any CPU.ActiveCfg = Release|Any CPU
		{7997553C-EDE6-429E-A363-6009734B086B}.Release|Any CPU.Build.0 = Release|Any CPU
		{16DD99E6-2CBA-40F9-969A-E06878698BDC}.Debug|Any CPU.ActiveCfg = Debug|Any CPU
		{16DD99E6-2CBA-40F9-969A-E06878698BDC}.Debug|Any CPU.Build.0 = Debug|Any CPU
		{16DD99E6-2CBA-40F9-969A-E06878698BDC}.Release|Any CPU.ActiveCfg = Release|Any CPU
		{16DD99E6-2CBA-40F9-969A-E06878698BDC}.Release|Any CPU.Build.0 = Release|Any CPU
		{ACA54132-D6ED-4E2B-ACF8-6C876A1B92DD}.Debug|Any CPU.ActiveCfg = Debug|Any CPU
		{ACA54132-D6ED-4E2B-ACF8-6C876A1B92DD}.Debug|Any CPU.Build.0 = Debug|Any CPU
		{ACA54132-D6ED-4E2B-ACF8-6C876A1B92DD}.Release|Any CPU.ActiveCfg = Release|Any CPU
		{ACA54132-D6ED-4E2B-ACF8-6C876A1B92DD}.Release|Any CPU.Build.0 = Release|Any CPU
		{402F8F21-9780-477A-A598-95BC64C01AA8}.Debug|Any CPU.ActiveCfg = Debug|Any CPU
		{402F8F21-9780-477A-A598-95BC64C01AA8}.Debug|Any CPU.Build.0 = Debug|Any CPU
		{402F8F21-9780-477A-A598-95BC64C01AA8}.Release|Any CPU.ActiveCfg = Release|Any CPU
		{402F8F21-9780-477A-A598-95BC64C01AA8}.Release|Any CPU.Build.0 = Release|Any CPU
		{1BBFBD0E-7F73-4E57-A828-4EF1AB5A0568}.Debug|Any CPU.ActiveCfg = Debug|Any CPU
		{1BBFBD0E-7F73-4E57-A828-4EF1AB5A0568}.Debug|Any CPU.Build.0 = Debug|Any CPU
		{1BBFBD0E-7F73-4E57-A828-4EF1AB5A0568}.Release|Any CPU.ActiveCfg = Release|Any CPU
		{1BBFBD0E-7F73-4E57-A828-4EF1AB5A0568}.Release|Any CPU.Build.0 = Release|Any CPU
		{9D8F3FB5-FF4E-4E80-A37D-64162E655553}.Debug|Any CPU.ActiveCfg = Debug|Any CPU
		{9D8F3FB5-FF4E-4E80-A37D-64162E655553}.Debug|Any CPU.Build.0 = Debug|Any CPU
		{9D8F3FB5-FF4E-4E80-A37D-64162E655553}.Release|Any CPU.ActiveCfg = Release|Any CPU
		{9D8F3FB5-FF4E-4E80-A37D-64162E655553}.Release|Any CPU.Build.0 = Release|Any CPU
	EndGlobalSection
	GlobalSection(SolutionProperties) = preSolution
		HideSolutionNode = FALSE
	EndGlobalSection
	GlobalSection(ExtensibilityGlobals) = postSolution
		SolutionGuid = {9691062C-B3A0-4896-935B-A64EE7466EF2}
	EndGlobalSection
EndGlobal
